
Microsoft Visual Studio Solution File, Format Version 12.00
# Visual Studio Version 17
VisualStudioVersion = 17.12.35527.113
MinimumVisualStudioVersion = 10.0.40219.1
Project("{FAE04EC0-301F-11D3-BF4B-00C04F79EFBC}") = "WpfApp1", "WpfApp1.csproj", "{8207B747-82F9-42C6-A2BB-19B4FBE72B4C}"
EndProject
Project("{FAE04EC0-301F-11D3-BF4B-00C04F79EFBC}") = "Navigation.MVVM.WPF", "..\Navigation.MVVM.WPF\Navigation.MVVM.WPF.csproj", "{FA6DF0A3-311A-40F4-9E2C-F297DA79FDC1}"
EndProject
Project("{FAE04EC0-301F-11D3-BF4B-00C04F79EFBC}") = "DataGridDemo", "..\DataGridDemo\DataGridDemo.csproj", "{3C83D94D-5A16-4DC3-99D5-D019F627512F}"
EndProject
Global
	GlobalSection(SolutionConfigurationPlatforms) = preSolution
		Debug|Any CPU = Debug|Any CPU
		Release|Any CPU = Release|Any CPU
	EndGlobalSection
	GlobalSection(ProjectConfigurationPlatforms) = postSolution
		{8207B747-82F9-42C6-A2BB-19B4FBE72B4C}.Debug|Any CPU.ActiveCfg = Debug|Any CPU
		{8207B747-82F9-42C6-A2BB-19B4FBE72B4C}.Debug|Any CPU.Build.0 = Debug|Any CPU
		{8207B747-82F9-42C6-A2BB-19B4FBE72B4C}.Release|Any CPU.ActiveCfg = Release|Any CPU
		{8207B747-82F9-42C6-A2BB-19B4FBE72B4C}.Release|Any CPU.Build.0 = Release|Any CPU
		{FA6DF0A3-311A-40F4-9E2C-F297DA79FDC1}.Debug|Any CPU.ActiveCfg = Debug|Any CPU
		{FA6DF0A3-311A-40F4-9E2C-F297DA79FDC1}.Debug|Any CPU.Build.0 = Debug|Any CPU
		{FA6DF0A3-311A-40F4-9E2C-F297DA79FDC1}.Release|Any CPU.ActiveCfg = Release|Any CPU
		{FA6DF0A3-311A-40F4-9E2C-F297DA79FDC1}.Release|Any CPU.Build.0 = Release|Any CPU
		{3C83D94D-5A16-4DC3-99D5-D019F627512F}.Debug|Any CPU.ActiveCfg = Debug|Any CPU
		{3C83D94D-5A16-4DC3-99D5-D019F627512F}.Debug|Any CPU.Build.0 = Debug|Any CPU
		{3C83D94D-5A16-4DC3-99D5-D019F627512F}.Release|Any CPU.ActiveCfg = Release|Any CPU
		{3C83D94D-5A16-4DC3-99D5-D019F627512F}.Release|Any CPU.Build.0 = Release|Any CPU
	EndGlobalSection
	GlobalSection(SolutionProperties) = preSolution
		HideSolutionNode = FALSE
	EndGlobalSection
	GlobalSection(ExtensibilityGlobals) = postSolution
		SolutionGuid = {AEE33573-0FAA-47E7-BA59-C78FEB8A5276}
	EndGlobalSection
EndGlobal
